
Microsoft Visual Studio Solution File, Format Version 12.00
# Visual Studio 14
VisualStudioVersion = 14.0.25420.1
MinimumVisualStudioVersion = 10.0.40219.1
Project("{FAE04EC0-301F-11D3-BF4B-00C04F79EFBC}") = "GitHgMirror.CommonTypes", "GitHgMirror.CommonTypes\GitHgMirror.CommonTypes.csproj", "{EC2E86CF-0ACB-442D-A23E-7D1E88061B81}"
EndProject
Project("{FAE04EC0-301F-11D3-BF4B-00C04F79EFBC}") = "GitHgMirror.Daemon", "GitHgMirror.Daemon\GitHgMirror.Daemon.csproj", "{5A16A5C6-A7D2-4E1A-8B7E-BCB4FC0E49F9}"
EndProject
Project("{FAE04EC0-301F-11D3-BF4B-00C04F79EFBC}") = "GitHgMirror.Runner", "GitHgMirror.Runner\GitHgMirror.Runner.csproj", "{81BAD149-A525-4CE1-9671-70F5314DAFE2}"
EndProject
Project("{FAE04EC0-301F-11D3-BF4B-00C04F79EFBC}") = "GitHgMirror.Tester", "GitHgMirror.Tester\GitHgMirror.Tester.csproj", "{DF997DD8-35CF-4979-86C7-1E20EDF8E650}"
EndProject
Project("{2150E333-8FDC-42A3-9474-1A3956D46DE8}") = "Solution Items", "Solution Items", "{7CC898F3-3DA8-4EBD-A4D0-8F510D93A520}"
	ProjectSection(SolutionItems) = preProject
		Licence.md = Licence.md
		Readme.md = Readme.md
	EndProjectSection
EndProject
Global
	GlobalSection(SolutionConfigurationPlatforms) = preSolution
		Debug|Any CPU = Debug|Any CPU
		Release|Any CPU = Release|Any CPU
	EndGlobalSection
	GlobalSection(ProjectConfigurationPlatforms) = postSolution
		{EC2E86CF-0ACB-442D-A23E-7D1E88061B81}.Debug|Any CPU.ActiveCfg = Debug|Any CPU
		{EC2E86CF-0ACB-442D-A23E-7D1E88061B81}.Debug|Any CPU.Build.0 = Debug|Any CPU
		{EC2E86CF-0ACB-442D-A23E-7D1E88061B81}.Release|Any CPU.ActiveCfg = Release|Any CPU
		{EC2E86CF-0ACB-442D-A23E-7D1E88061B81}.Release|Any CPU.Build.0 = Release|Any CPU
		{5A16A5C6-A7D2-4E1A-8B7E-BCB4FC0E49F9}.Debug|Any CPU.ActiveCfg = Debug|Any CPU
		{5A16A5C6-A7D2-4E1A-8B7E-BCB4FC0E49F9}.Debug|Any CPU.Build.0 = Debug|Any CPU
		{5A16A5C6-A7D2-4E1A-8B7E-BCB4FC0E49F9}.Release|Any CPU.ActiveCfg = Release|Any CPU
		{5A16A5C6-A7D2-4E1A-8B7E-BCB4FC0E49F9}.Release|Any CPU.Build.0 = Release|Any CPU
		{81BAD149-A525-4CE1-9671-70F5314DAFE2}.Debug|Any CPU.ActiveCfg = Debug|Any CPU
		{81BAD149-A525-4CE1-9671-70F5314DAFE2}.Debug|Any CPU.Build.0 = Debug|Any CPU
		{81BAD149-A525-4CE1-9671-70F5314DAFE2}.Release|Any CPU.ActiveCfg = Release|Any CPU
		{81BAD149-A525-4CE1-9671-70F5314DAFE2}.Release|Any CPU.Build.0 = Release|Any CPU
		{DF997DD8-35CF-4979-86C7-1E20EDF8E650}.Debug|Any CPU.ActiveCfg = Debug|Any CPU
		{DF997DD8-35CF-4979-86C7-1E20EDF8E650}.Debug|Any CPU.Build.0 = Debug|Any CPU
		{DF997DD8-35CF-4979-86C7-1E20EDF8E650}.Release|Any CPU.ActiveCfg = Release|Any CPU
		{DF997DD8-35CF-4979-86C7-1E20EDF8E650}.Release|Any CPU.Build.0 = Release|Any CPU
	EndGlobalSection
	GlobalSection(SolutionProperties) = preSolution
		HideSolutionNode = FALSE
	EndGlobalSection
EndGlobal
